// !$*UTF8*$!
{
	archiveVersion = 1;
	classes = {
	};
	objectVersion = 50;
	objects = {

/* Begin PBXBuildFile section */
		5B6088F423ACF47F00F464BA /* main.swift in Sources */ = {isa = PBXBuildFile; fileRef = 5B6088F323ACF47F00F464BA /* main.swift */; };
		5B6088FB23ACF4C200F464BA /* Paladin.swift in Sources */ = {isa = PBXBuildFile; fileRef = 5B6088FA23ACF4C200F464BA /* Paladin.swift */; };
		5B6088FD23ACF50A00F464BA /* ClassePersonnage.swift in Sources */ = {isa = PBXBuildFile; fileRef = 5B6088FC23ACF50A00F464BA /* ClassePersonnage.swift */; };
		5B6088FF23AD194000F464BA /* Equipe.swift in Sources */ = {isa = PBXBuildFile; fileRef = 5B6088FE23AD194000F464BA /* Equipe.swift */; };
		5B60890123AD3CA200F464BA /* Personnage.swift in Sources */ = {isa = PBXBuildFile; fileRef = 5B60890023AD3CA200F464BA /* Personnage.swift */; };
		5B7D928C23AE3B2800CCA8FD /* Magicien.swift in Sources */ = {isa = PBXBuildFile; fileRef = 5B7D928B23AE3B2800CCA8FD /* Magicien.swift */; };
/* End PBXBuildFile section */

/* Begin PBXCopyFilesBuildPhase section */
		5B6088EE23ACF47F00F464BA /* CopyFiles */ = {
			isa = PBXCopyFilesBuildPhase;
			buildActionMask = 2147483647;
			dstPath = /usr/share/man/man1/;
			dstSubfolderSpec = 0;
			files = (
			);
			runOnlyForDeploymentPostprocessing = 1;
		};
/* End PBXCopyFilesBuildPhase section */

/* Begin PBXFileReference section */
		5B6088F023ACF47F00F464BA /* swift-exercice10 */ = {isa = PBXFileReference; explicitFileType = "compiled.mach-o.executable"; includeInIndex = 0; path = "swift-exercice10"; sourceTree = BUILT_PRODUCTS_DIR; };
		5B6088F323ACF47F00F464BA /* main.swift */ = {isa = PBXFileReference; lastKnownFileType = sourcecode.swift; path = main.swift; sourceTree = "<group>"; };
		5B6088FA23ACF4C200F464BA /* Paladin.swift */ = {isa = PBXFileReference; lastKnownFileType = sourcecode.swift; path = Paladin.swift; sourceTree = "<group>"; };
		5B6088FC23ACF50A00F464BA /* ClassePersonnage.swift */ = {isa = PBXFileReference; lastKnownFileType = sourcecode.swift; path = ClassePersonnage.swift; sourceTree = "<group>"; };
		5B6088FE23AD194000F464BA /* Equipe.swift */ = {isa = PBXFileReference; lastKnownFileType = sourcecode.swift; path = Equipe.swift; sourceTree = "<group>"; };
		5B60890023AD3CA200F464BA /* Personnage.swift */ = {isa = PBXFileReference; lastKnownFileType = sourcecode.swift; path = Personnage.swift; sourceTree = "<group>"; };
		5B7D928B23AE3B2800CCA8FD /* Magicien.swift */ = {isa = PBXFileReference; fileEncoding = 4; lastKnownFileType = sourcecode.swift; path = Magicien.swift; sourceTree = "<group>"; };
/* End PBXFileReference section */

/* Begin PBXFrameworksBuildPhase section */
		5B6088ED23ACF47F00F464BA /* Frameworks */ = {
			isa = PBXFrameworksBuildPhase;
			buildActionMask = 2147483647;
			files = (
			);
			runOnlyForDeploymentPostprocessing = 0;
		};
/* End PBXFrameworksBuildPhase section */

/* Begin PBXGroup section */
		5B6088E723ACF47F00F464BA = {
			isa = PBXGroup;
			children = (
				5B6088F223ACF47F00F464BA /* swift-exercice10 */,
				5B6088F123ACF47F00F464BA /* Products */,
			);
			sourceTree = "<group>";
		};
		5B6088F123ACF47F00F464BA /* Products */ = {
			isa = PBXGroup;
			children = (
				5B6088F023ACF47F00F464BA /* swift-exercice10 */,
			);
			name = Products;
			sourceTree = "<group>";
		};
		5B6088F223ACF47F00F464BA /* swift-exercice10 */ = {
			isa = PBXGroup;
			children = (
				5B6088F323ACF47F00F464BA /* main.swift */,
				5B6088FA23ACF4C200F464BA /* Paladin.swift */,
				5B7D928B23AE3B2800CCA8FD /* Magicien.swift */,
				5B6088FC23ACF50A00F464BA /* ClassePersonnage.swift */,
				5B6088FE23AD194000F464BA /* Equipe.swift */,
				5B60890023AD3CA200F464BA /* Personnage.swift */,
			);
			path = "swift-exercice10";
			sourceTree = "<group>";
		};
/* End PBXGroup section */

/* Begin PBXNativeTarget section */
		5B6088EF23ACF47F00F464BA /* swift-exercice10 */ = {
			isa = PBXNativeTarget;
			buildConfigurationList = 5B6088F723ACF47F00F464BA /* Build configuration list for PBXNativeTarget "swift-exercice10" */;
			buildPhases = (
				5B6088EC23ACF47F00F464BA /* Sources */,
				5B6088ED23ACF47F00F464BA /* Frameworks */,
				5B6088EE23ACF47F00F464BA /* CopyFiles */,
			);
			buildRules = (
			);
			dependencies = (
			);
			name = "swift-exercice10";
			productName = "swift-exercice10";
			productReference = 5B6088F023ACF47F00F464BA /* swift-exercice10 */;
			productType = "com.apple.product-type.tool";
		};
/* End PBXNativeTarget section */

/* Begin PBXProject section */
		5B6088E823ACF47F00F464BA /* Project object */ = {
			isa = PBXProject;
			attributes = {
				LastSwiftUpdateCheck = 1130;
				LastUpgradeCheck = 1130;
				ORGANIZATIONNAME = Technifutur;
				TargetAttributes = {
					5B6088EF23ACF47F00F464BA = {
						CreatedOnToolsVersion = 11.3;
					};
				};
			};
			buildConfigurationList = 5B6088EB23ACF47F00F464BA /* Build configuration list for PBXProject "swift-exercice10" */;
			compatibilityVersion = "Xcode 9.3";
			developmentRegion = en;
			hasScannedForEncodings = 0;
			knownRegions = (
				en,
				Base,
			);
			mainGroup = 5B6088E723ACF47F00F464BA;
			productRefGroup = 5B6088F123ACF47F00F464BA /* Products */;
			projectDirPath = "";
			projectRoot = "";
			targets = (
				5B6088EF23ACF47F00F464BA /* swift-exercice10 */,
			);
		};
/* End PBXProject section */

/* Begin PBXSourcesBuildPhase section */
		5B6088EC23ACF47F00F464BA /* Sources */ = {
			isa = PBXSourcesBuildPhase;
			buildActionMask = 2147483647;
			files = (
				5B6088FF23AD194000F464BA /* Equipe.swift in Sources */,
				5B6088F423ACF47F00F464BA /* main.swift in Sources */,
				5B6088FB23ACF4C200F464BA /* Paladin.swift in Sources */,
				5B6088FD23ACF50A00F464BA /* ClassePersonnage.swift in Sources */,
				5B7D928C23AE3B2800CCA8FD /* Magicien.swift in Sources */,
				5B60890123AD3CA200F464BA /* Personnage.swift in Sources */,
			);
			runOnlyForDeploymentPostprocessing = 0;
		};
/* End PBXSourcesBuildPhase section */

/* Begin XCBuildConfiguration section */
		5B6088F523ACF47F00F464BA /* Debug */ = {
			isa = XCBuildConfiguration;
			buildSettings = {
				ALWAYS_SEARCH_USER_PATHS = NO;
				CLANG_ANALYZER_NONNULL = YES;
				CLANG_ANALYZER_NUMBER_OBJECT_CONVERSION = YES_AGGRESSIVE;
				CLANG_CXX_LANGUAGE_STANDARD = "gnu++14";
				CLANG_CXX_LIBRARY = "libc++";
				CLANG_ENABLE_MODULES = YES;
				CLANG_ENABLE_OBJC_ARC = YES;
				CLANG_ENABLE_OBJC_WEAK = YES;
				CLANG_WARN_BLOCK_CAPTURE_AUTORELEASING = YES;
				CLANG_WARN_BOOL_CONVERSION = YES;
				CLANG_WARN_COMMA = YES;
				CLANG_WARN_CONSTANT_CONVERSION = YES;
				CLANG_WARN_DEPRECATED_OBJC_IMPLEMENTATIONS = YES;
				CLANG_WARN_DIRECT_OBJC_ISA_USAGE = YES_ERROR;
				CLANG_WARN_DOCUMENTATION_COMMENTS = YES;
				CLANG_WARN_EMPTY_BODY = YES;
				CLANG_WARN_ENUM_CONVERSION = YES;
				CLANG_WARN_INFINITE_RECURSION = YES;
				CLANG_WARN_INT_CONVERSION = YES;
				CLANG_WARN_NON_LITERAL_NULL_CONVERSION = YES;
				CLANG_WARN_OBJC_IMPLICIT_RETAIN_SELF = YES;
				CLANG_WARN_OBJC_LITERAL_CONVERSION = YES;
				CLANG_WARN_OBJC_ROOT_CLASS = YES_ERROR;
				CLANG_WARN_RANGE_LOOP_ANALYSIS = YES;
				CLANG_WARN_STRICT_PROTOTYPES = YES;
				CLANG_WARN_SUSPICIOUS_MOVE = YES;
				CLANG_WARN_UNGUARDED_AVAILABILITY = YES_AGGRESSIVE;
				CLANG_WARN_UNREACHABLE_CODE = YES;
				CLANG_WARN__DUPLICATE_METHOD_MATCH = YES;
				COPY_PHASE_STRIP = NO;
				DEBUG_INFORMATION_FORMAT = dwarf;
				ENABLE_STRICT_OBJC_MSGSEND = YES;
				ENABLE_TESTABILITY = YES;
				GCC_C_LANGUAGE_STANDARD = gnu11;
				GCC_DYNAMIC_NO_PIC = NO;
				GCC_NO_COMMON_BLOCKS = YES;
				GCC_OPTIMIZATION_LEVEL = 0;
				GCC_PREPROCESSOR_DEFINITIONS = (
					"DEBUG=1",
					"$(inherited)",
				);
				GCC_WARN_64_TO_32_BIT_CONVERSION = YES;
				GCC_WARN_ABOUT_RETURN_TYPE = YES_ERROR;
				GCC_WARN_UNDECLARED_SELECTOR = YES;
				GCC_WARN_UNINITIALIZED_AUTOS = YES_AGGRESSIVE;
				GCC_WARN_UNUSED_FUNCTION = YES;
				GCC_WARN_UNUSED_VARIABLE = YES;
				MACOSX_DEPLOYMENT_TARGET = 10.15;
				MTL_ENABLE_DEBUG_INFO = INCLUDE_SOURCE;
				MTL_FAST_MATH = YES;
				ONLY_ACTIVE_ARCH = YES;
				SDKROOT = macosx;
				SWIFT_ACTIVE_COMPILATION_CONDITIONS = DEBUG;
				SWIFT_OPTIMIZATION_LEVEL = "-Onone";
			};
			name = Debug;
		};
		5B6088F623ACF47F00F464BA /* Release */ = {
			isa = XCBuildConfiguration;
			buildSettings = {
				ALWAYS_SEARCH_USER_PATHS = NO;
				CLANG_ANALYZER_NONNULL = YES;
				CLANG_ANALYZER_NUMBER_OBJECT_CONVERSION = YES_AGGRESSIVE;
				CLANG_CXX_LANGUAGE_STANDARD = "gnu++14";
				CLANG_CXX_LIBRARY = "libc++";
				CLANG_ENABLE_MODULES = YES;
				CLANG_ENABLE_OBJC_ARC = YES;
				CLANG_ENABLE_OBJC_WEAK = YES;
				CLANG_WARN_BLOCK_CAPTURE_AUTORELEASING = YES;
				CLANG_WARN_BOOL_CONVERSION = YES;
				CLANG_WARN_COMMA = YES;
				CLANG_WARN_CONSTANT_CONVERSION = YES;
				CLANG_WARN_DEPRECATED_OBJC_IMPLEMENTATIONS = YES;
				CLANG_WARN_DIRECT_OBJC_ISA_USAGE = YES_ERROR;
				CLANG_WARN_DOCUMENTATION_COMMENTS = YES;
				CLANG_WARN_EMPTY_BODY = YES;
				CLANG_WARN_ENUM_CONVERSION = YES;
				CLANG_WARN_INFINITE_RECURSION = YES;
				CLANG_WARN_INT_CONVERSION = YES;
				CLANG_WARN_NON_LITERAL_NULL_CONVERSION = YES;
				CLANG_WARN_OBJC_IMPLICIT_RETAIN_SELF = YES;
				CLANG_WARN_OBJC_LITERAL_CONVERSION = YES;
				CLANG_WARN_OBJC_ROOT_CLASS = YES_ERROR;
				CLANG_WARN_RANGE_LOOP_ANALYSIS = YES;
				CLANG_WARN_STRICT_PROTOTYPES = YES;
				CLANG_WARN_SUSPICIOUS_MOVE = YES;
				CLANG_WARN_UNGUARDED_AVAILABILITY = YES_AGGRESSIVE;
				CLANG_WARN_UNREACHABLE_CODE = YES;
				CLANG_WARN__DUPLICATE_METHOD_MATCH = YES;
				COPY_PHASE_STRIP = NO;
				DEBUG_INFORMATION_FORMAT = "dwarf-with-dsym";
				ENABLE_NS_ASSERTIONS = NO;
				ENABLE_STRICT_OBJC_MSGSEND = YES;
				GCC_C_LANGUAGE_STANDARD = gnu11;
				GCC_NO_COMMON_BLOCKS = YES;
				GCC_WARN_64_TO_32_BIT_CONVERSION = YES;
				GCC_WARN_ABOUT_RETURN_TYPE = YES_ERROR;
				GCC_WARN_UNDECLARED_SELECTOR = YES;
				GCC_WARN_UNINITIALIZED_AUTOS = YES_AGGRESSIVE;
				GCC_WARN_UNUSED_FUNCTION = YES;
				GCC_WARN_UNUSED_VARIABLE = YES;
				MACOSX_DEPLOYMENT_TARGET = 10.15;
				MTL_ENABLE_DEBUG_INFO = NO;
				MTL_FAST_MATH = YES;
				SDKROOT = macosx;
				SWIFT_COMPILATION_MODE = wholemodule;
				SWIFT_OPTIMIZATION_LEVEL = "-O";
			};
			name = Release;
		};
		5B6088F823ACF47F00F464BA /* Debug */ = {
			isa = XCBuildConfiguration;
			buildSettings = {
				CODE_SIGN_STYLE = Automatic;
				PRODUCT_NAME = "$(TARGET_NAME)";
				SWIFT_VERSION = 5.0;
			};
			name = Debug;
		};
		5B6088F923ACF47F00F464BA /* Release */ = {
			isa = XCBuildConfiguration;
			buildSettings = {
				CODE_SIGN_STYLE = Automatic;
				PRODUCT_NAME = "$(TARGET_NAME)";
				SWIFT_VERSION = 5.0;
			};
			name = Release;
		};
/* End XCBuildConfiguration section */

/* Begin XCConfigurationList section */
		5B6088EB23ACF47F00F464BA /* Build configuration list for PBXProject "swift-exercice10" */ = {
			isa = XCConfigurationList;
			buildConfigurations = (
				5B6088F523ACF47F00F464BA /* Debug */,
				5B6088F623ACF47F00F464BA /* Release */,
			);
			defaultConfigurationIsVisible = 0;
			defaultConfigurationName = Release;
		};
		5B6088F723ACF47F00F464BA /* Build configuration list for PBXNativeTarget "swift-exercice10" */ = {
			isa = XCConfigurationList;
			buildConfigurations = (
				5B6088F823ACF47F00F464BA /* Debug */,
				5B6088F923ACF47F00F464BA /* Release */,
			);
			defaultConfigurationIsVisible = 0;
			defaultConfigurationName = Release;
		};
/* End XCConfigurationList section */
	};
	rootObject = 5B6088E823ACF47F00F464BA /* Project object */;
}
